
Microsoft Visual Studio Solution File, Format Version 12.00
# Visual Studio Version 17
VisualStudioVersion = 17.7.34031.279
MinimumVisualStudioVersion = 10.0.40219.1
Project("{FAE04EC0-301F-11D3-BF4B-00C04F79EFBC}") = "ConsoleApp1", "ConsoleApp1\ConsoleApp1.csproj", "{7037E688-E86F-4604-8A59-EC766B7888D8}"
EndProject
Project("{FAE04EC0-301F-11D3-BF4B-00C04F79EFBC}") = "FunctionApp1", "FunctionApp1\FunctionApp1.csproj", "{04755800-5439-4D56-ACE9-A094BE3BCC7B}"
EndProject
Global
	GlobalSection(SolutionConfigurationPlatforms) = preSolution
		Debug|Any CPU = Debug|Any CPU
		Release|Any CPU = Release|Any CPU
	EndGlobalSection
	GlobalSection(ProjectConfigurationPlatforms) = postSolution
		{7037E688-E86F-4604-8A59-EC766B7888D8}.Debug|Any CPU.ActiveCfg = Debug|Any CPU
		{7037E688-E86F-4604-8A59-EC766B7888D8}.Debug|Any CPU.Build.0 = Debug|Any CPU
		{7037E688-E86F-4604-8A59-EC766B7888D8}.Release|Any CPU.ActiveCfg = Release|Any CPU
		{7037E688-E86F-4604-8A59-EC766B7888D8}.Release|Any CPU.Build.0 = Release|Any CPU
		{04755800-5439-4D56-ACE9-A094BE3BCC7B}.Debug|Any CPU.ActiveCfg = Debug|Any CPU
		{04755800-5439-4D56-ACE9-A094BE3BCC7B}.Debug|Any CPU.Build.0 = Debug|Any CPU
		{04755800-5439-4D56-ACE9-A094BE3BCC7B}.Release|Any CPU.ActiveCfg = Release|Any CPU
		{04755800-5439-4D56-ACE9-A094BE3BCC7B}.Release|Any CPU.Build.0 = Release|Any CPU
	EndGlobalSection
	GlobalSection(SolutionProperties) = preSolution
		HideSolutionNode = FALSE
	EndGlobalSection
	GlobalSection(ExtensibilityGlobals) = postSolution
		SolutionGuid = {6BDB815E-C170-4BCB-93D2-941739FAC40A}
	EndGlobalSection
EndGlobal
